// !$*UTF8*$!
{
	archiveVersion = 1;
	classes = {
	};
	objectVersion = 56;
	objects = {

/* Begin PBXBuildFile section */
		22E1BCE52A4C146F00191477 /* AppDelegate.m in Sources */ = {isa = PBXBuildFile; fileRef = 22E1BCE42A4C146F00191477 /* AppDelegate.m */; };
		22E1BCE82A4C146F00191477 /* SceneDelegate.m in Sources */ = {isa = PBXBuildFile; fileRef = 22E1BCE72A4C146F00191477 /* SceneDelegate.m */; };
		22E1BCEB2A4C146F00191477 /* ViewController.m in Sources */ = {isa = PBXBuildFile; fileRef = 22E1BCEA2A4C146F00191477 /* ViewController.m */; };
		22E1BCEE2A4C146F00191477 /* Main.storyboard in Resources */ = {isa = PBXBuildFile; fileRef = 22E1BCEC2A4C146F00191477 /* Main.storyboard */; };
		22E1BCF02A4C146F00191477 /* Assets.xcassets in Resources */ = {isa = PBXBuildFile; fileRef = 22E1BCEF2A4C146F00191477 /* Assets.xcassets */; };
		22E1BCF32A4C146F00191477 /* LaunchScreen.storyboard in Resources */ = {isa = PBXBuildFile; fileRef = 22E1BCF12A4C146F00191477 /* LaunchScreen.storyboard */; };
		22E1BCF62A4C146F00191477 /* main.m in Sources */ = {isa = PBXBuildFile; fileRef = 22E1BCF52A4C146F00191477 /* main.m */; };
		22E1BCFF2A4C152E00191477 /* Singleton.m in Sources */ = {isa = PBXBuildFile; fileRef = 22E1BCFE2A4C152E00191477 /* Singleton.m */; };
		22E1BD032A4C198900191477 /* Product.m in Sources */ = {isa = PBXBuildFile; fileRef = 22E1BD022A4C198900191477 /* Product.m */; };
		22E1BD062A4C19A300191477 /* Factory.m in Sources */ = {isa = PBXBuildFile; fileRef = 22E1BD052A4C19A300191477 /* Factory.m */; };
/* End PBXBuildFile section */

/* Begin PBXFileReference section */
		22E1BCE02A4C146F00191477 /* SoftwareDesignPattern.app */ = {isa = PBXFileReference; explicitFileType = wrapper.application; includeInIndex = 0; path = SoftwareDesignPattern.app; sourceTree = BUILT_PRODUCTS_DIR; };
		22E1BCE32A4C146F00191477 /* AppDelegate.h */ = {isa = PBXFileReference; lastKnownFileType = sourcecode.c.h; path = AppDelegate.h; sourceTree = "<group>"; };
		22E1BCE42A4C146F00191477 /* AppDelegate.m */ = {isa = PBXFileReference; lastKnownFileType = sourcecode.c.objc; path = AppDelegate.m; sourceTree = "<group>"; };
		22E1BCE62A4C146F00191477 /* SceneDelegate.h */ = {isa = PBXFileReference; lastKnownFileType = sourcecode.c.h; path = SceneDelegate.h; sourceTree = "<group>"; };
		22E1BCE72A4C146F00191477 /* SceneDelegate.m */ = {isa = PBXFileReference; lastKnownFileType = sourcecode.c.objc; path = SceneDelegate.m; sourceTree = "<group>"; };
		22E1BCE92A4C146F00191477 /* ViewController.h */ = {isa = PBXFileReference; lastKnownFileType = sourcecode.c.h; path = ViewController.h; sourceTree = "<group>"; };
		22E1BCEA2A4C146F00191477 /* ViewController.m */ = {isa = PBXFileReference; lastKnownFileType = sourcecode.c.objc; path = ViewController.m; sourceTree = "<group>"; };
		22E1BCED2A4C146F00191477 /* Base */ = {isa = PBXFileReference; lastKnownFileType = file.storyboard; name = Base; path = Base.lproj/Main.storyboard; sourceTree = "<group>"; };
		22E1BCEF2A4C146F00191477 /* Assets.xcassets */ = {isa = PBXFileReference; lastKnownFileType = folder.assetcatalog; path = Assets.xcassets; sourceTree = "<group>"; };
		22E1BCF22A4C146F00191477 /* Base */ = {isa = PBXFileReference; lastKnownFileType = file.storyboard; name = Base; path = Base.lproj/LaunchScreen.storyboard; sourceTree = "<group>"; };
		22E1BCF42A4C146F00191477 /* Info.plist */ = {isa = PBXFileReference; lastKnownFileType = text.plist.xml; path = Info.plist; sourceTree = "<group>"; };
		22E1BCF52A4C146F00191477 /* main.m */ = {isa = PBXFileReference; lastKnownFileType = sourcecode.c.objc; path = main.m; sourceTree = "<group>"; };
		22E1BCFD2A4C152E00191477 /* Singleton.h */ = {isa = PBXFileReference; lastKnownFileType = sourcecode.c.h; path = Singleton.h; sourceTree = "<group>"; };
		22E1BCFE2A4C152E00191477 /* Singleton.m */ = {isa = PBXFileReference; lastKnownFileType = sourcecode.c.objc; path = Singleton.m; sourceTree = "<group>"; };
		22E1BD012A4C198900191477 /* Product.h */ = {isa = PBXFileReference; lastKnownFileType = sourcecode.c.h; path = Product.h; sourceTree = "<group>"; };
		22E1BD022A4C198900191477 /* Product.m */ = {isa = PBXFileReference; lastKnownFileType = sourcecode.c.objc; path = Product.m; sourceTree = "<group>"; };
		22E1BD042A4C19A300191477 /* Factory.h */ = {isa = PBXFileReference; lastKnownFileType = sourcecode.c.h; path = Factory.h; sourceTree = "<group>"; };
		22E1BD052A4C19A300191477 /* Factory.m */ = {isa = PBXFileReference; lastKnownFileType = sourcecode.c.objc; path = Factory.m; sourceTree = "<group>"; };
/* End PBXFileReference section */

/* Begin PBXFrameworksBuildPhase section */
		22E1BCDD2A4C146F00191477 /* Frameworks */ = {
			isa = PBXFrameworksBuildPhase;
			buildActionMask = 2147483647;
			files = (
			);
			runOnlyForDeploymentPostprocessing = 0;
		};
/* End PBXFrameworksBuildPhase section */

/* Begin PBXGroup section */
		22E1BCD72A4C146F00191477 = {
			isa = PBXGroup;
			children = (
				22E1BCE22A4C146F00191477 /* SoftwareDesignPattern */,
				22E1BCE12A4C146F00191477 /* Products */,
			);
			sourceTree = "<group>";
		};
		22E1BCE12A4C146F00191477 /* Products */ = {
			isa = PBXGroup;
			children = (
				22E1BCE02A4C146F00191477 /* SoftwareDesignPattern.app */,
			);
			name = Products;
			sourceTree = "<group>";
		};
		22E1BCE22A4C146F00191477 /* SoftwareDesignPattern */ = {
			isa = PBXGroup;
			children = (
				22E1BD002A4C197C00191477 /* Factory Method Pattern */,
				22E1BCFC2A4C14F900191477 /* SingletonPattern */,
				22E1BCE32A4C146F00191477 /* AppDelegate.h */,
				22E1BCE42A4C146F00191477 /* AppDelegate.m */,
				22E1BCE62A4C146F00191477 /* SceneDelegate.h */,
				22E1BCE72A4C146F00191477 /* SceneDelegate.m */,
				22E1BCE92A4C146F00191477 /* ViewController.h */,
				22E1BCEA2A4C146F00191477 /* ViewController.m */,
				22E1BCEC2A4C146F00191477 /* Main.storyboard */,
				22E1BCEF2A4C146F00191477 /* Assets.xcassets */,
				22E1BCF12A4C146F00191477 /* LaunchScreen.storyboard */,
				22E1BCF42A4C146F00191477 /* Info.plist */,
				22E1BCF52A4C146F00191477 /* main.m */,
			);
			path = SoftwareDesignPattern;
			sourceTree = "<group>";
		};
		22E1BCFC2A4C14F900191477 /* SingletonPattern */ = {
			isa = PBXGroup;
			children = (
				22E1BCFD2A4C152E00191477 /* Singleton.h */,
				22E1BCFE2A4C152E00191477 /* Singleton.m */,
			);
			path = SingletonPattern;
			sourceTree = "<group>";
		};
		22E1BD002A4C197C00191477 /* Factory Method Pattern */ = {
			isa = PBXGroup;
			children = (
				22E1BD012A4C198900191477 /* Product.h */,
				22E1BD022A4C198900191477 /* Product.m */,
				22E1BD042A4C19A300191477 /* Factory.h */,
				22E1BD052A4C19A300191477 /* Factory.m */,
			);
			path = "Factory Method Pattern";
			sourceTree = "<group>";
		};
/* End PBXGroup section */

/* Begin PBXNativeTarget section */
		22E1BCDF2A4C146F00191477 /* SoftwareDesignPattern */ = {
			isa = PBXNativeTarget;
			buildConfigurationList = 22E1BCF92A4C146F00191477 /* Build configuration list for PBXNativeTarget "SoftwareDesignPattern" */;
			buildPhases = (
				22E1BCDC2A4C146F00191477 /* Sources */,
				22E1BCDD2A4C146F00191477 /* Frameworks */,
				22E1BCDE2A4C146F00191477 /* Resources */,
			);
			buildRules = (
			);
			dependencies = (
			);
			name = SoftwareDesignPattern;
			productName = SoftwareDesignPattern;
			productReference = 22E1BCE02A4C146F00191477 /* SoftwareDesignPattern.app */;
			productType = "com.apple.product-type.application";
		};
/* End PBXNativeTarget section */

/* Begin PBXProject section */
		22E1BCD82A4C146F00191477 /* Project object */ = {
			isa = PBXProject;
			attributes = {
				BuildIndependentTargetsInParallel = 1;
				LastUpgradeCheck = 1420;
				TargetAttributes = {
					22E1BCDF2A4C146F00191477 = {
						CreatedOnToolsVersion = 14.2;
					};
				};
			};
			buildConfigurationList = 22E1BCDB2A4C146F00191477 /* Build configuration list for PBXProject "SoftwareDesignPattern" */;
			compatibilityVersion = "Xcode 14.0";
			developmentRegion = en;
			hasScannedForEncodings = 0;
			knownRegions = (
				en,
				Base,
			);
			mainGroup = 22E1BCD72A4C146F00191477;
			productRefGroup = 22E1BCE12A4C146F00191477 /* Products */;
			projectDirPath = "";
			projectRoot = "";
			targets = (
				22E1BCDF2A4C146F00191477 /* SoftwareDesignPattern */,
			);
		};
/* End PBXProject section */

/* Begin PBXResourcesBuildPhase section */
		22E1BCDE2A4C146F00191477 /* Resources */ = {
			isa = PBXResourcesBuildPhase;
			buildActionMask = 2147483647;
			files = (
				22E1BCF32A4C146F00191477 /* LaunchScreen.storyboard in Resources */,
				22E1BCF02A4C146F00191477 /* Assets.xcassets in Resources */,
				22E1BCEE2A4C146F00191477 /* Main.storyboard in Resources */,
			);
			runOnlyForDeploymentPostprocessing = 0;
		};
/* End PBXResourcesBuildPhase section */

/* Begin PBXSourcesBuildPhase section */
		22E1BCDC2A4C146F00191477 /* Sources */ = {
			isa = PBXSourcesBuildPhase;
			buildActionMask = 2147483647;
			files = (
				22E1BCEB2A4C146F00191477 /* ViewController.m in Sources */,
				22E1BCE52A4C146F00191477 /* AppDelegate.m in Sources */,
				22E1BCF62A4C146F00191477 /* main.m in Sources */,
				22E1BD032A4C198900191477 /* Product.m in Sources */,
				22E1BCE82A4C146F00191477 /* SceneDelegate.m in Sources */,
				22E1BCFF2A4C152E00191477 /* Singleton.m in Sources */,
				22E1BD062A4C19A300191477 /* Factory.m in Sources */,
			);
			runOnlyForDeploymentPostprocessing = 0;
		};
/* End PBXSourcesBuildPhase section */

/* Begin PBXVariantGroup section */
		22E1BCEC2A4C146F00191477 /* Main.storyboard */ = {
			isa = PBXVariantGroup;
			children = (
				22E1BCED2A4C146F00191477 /* Base */,
			);
			name = Main.storyboard;
			sourceTree = "<group>";
		};
		22E1BCF12A4C146F00191477 /* LaunchScreen.storyboard */ = {
			isa = PBXVariantGroup;
			children = (
				22E1BCF22A4C146F00191477 /* Base */,
			);
			name = LaunchScreen.storyboard;
			sourceTree = "<group>";
		};
/* End PBXVariantGroup section */

/* Begin XCBuildConfiguration section */
		22E1BCF72A4C146F00191477 /* Debug */ = {
			isa = XCBuildConfiguration;
			buildSettings = {
				ALWAYS_SEARCH_USER_PATHS = NO;
				CLANG_ANALYZER_NONNULL = YES;
				CLANG_ANALYZER_NUMBER_OBJECT_CONVERSION = YES_AGGRESSIVE;
				CLANG_CXX_LANGUAGE_STANDARD = "gnu++20";
				CLANG_ENABLE_MODULES = YES;
				CLANG_ENABLE_OBJC_ARC = YES;
				CLANG_ENABLE_OBJC_WEAK = YES;
				CLANG_WARN_BLOCK_CAPTURE_AUTORELEASING = YES;
				CLANG_WARN_BOOL_CONVERSION = YES;
				CLANG_WARN_COMMA = YES;
				CLANG_WARN_CONSTANT_CONVERSION = YES;
				CLANG_WARN_DEPRECATED_OBJC_IMPLEMENTATIONS = YES;
				CLANG_WARN_DIRECT_OBJC_ISA_USAGE = YES_ERROR;
				CLANG_WARN_DOCUMENTATION_COMMENTS = YES;
				CLANG_WARN_EMPTY_BODY = YES;
				CLANG_WARN_ENUM_CONVERSION = YES;
				CLANG_WARN_INFINITE_RECURSION = YES;
				CLANG_WARN_INT_CONVERSION = YES;
				CLANG_WARN_NON_LITERAL_NULL_CONVERSION = YES;
				CLANG_WARN_OBJC_IMPLICIT_RETAIN_SELF = YES;
				CLANG_WARN_OBJC_LITERAL_CONVERSION = YES;
				CLANG_WARN_OBJC_ROOT_CLASS = YES_ERROR;
				CLANG_WARN_QUOTED_INCLUDE_IN_FRAMEWORK_HEADER = YES;
				CLANG_WARN_RANGE_LOOP_ANALYSIS = YES;
				CLANG_WARN_STRICT_PROTOTYPES = YES;
				CLANG_WARN_SUSPICIOUS_MOVE = YES;
				CLANG_WARN_UNGUARDED_AVAILABILITY = YES_AGGRESSIVE;
				CLANG_WARN_UNREACHABLE_CODE = YES;
				CLANG_WARN__DUPLICATE_METHOD_MATCH = YES;
				COPY_PHASE_STRIP = NO;
				DEBUG_INFORMATION_FORMAT = dwarf;
				ENABLE_STRICT_OBJC_MSGSEND = YES;
				ENABLE_TESTABILITY = YES;
				GCC_C_LANGUAGE_STANDARD = gnu11;
				GCC_DYNAMIC_NO_PIC = NO;
				GCC_NO_COMMON_BLOCKS = YES;
				GCC_OPTIMIZATION_LEVEL = 0;
				GCC_PREPROCESSOR_DEFINITIONS = (
					"DEBUG=1",
					"$(inherited)",
				);
				GCC_WARN_64_TO_32_BIT_CONVERSION = YES;
				GCC_WARN_ABOUT_RETURN_TYPE = YES_ERROR;
				GCC_WARN_UNDECLARED_SELECTOR = YES;
				GCC_WARN_UNINITIALIZED_AUTOS = YES_AGGRESSIVE;
				GCC_WARN_UNUSED_FUNCTION = YES;
				GCC_WARN_UNUSED_VARIABLE = YES;
				IPHONEOS_DEPLOYMENT_TARGET = 16.2;
				MTL_ENABLE_DEBUG_INFO = INCLUDE_SOURCE;
				MTL_FAST_MATH = YES;
				ONLY_ACTIVE_ARCH = YES;
				SDKROOT = iphoneos;
			};
			name = Debug;
		};
		22E1BCF82A4C146F00191477 /* Release */ = {
			isa = XCBuildConfiguration;
			buildSettings = {
				ALWAYS_SEARCH_USER_PATHS = NO;
				CLANG_ANALYZER_NONNULL = YES;
				CLANG_ANALYZER_NUMBER_OBJECT_CONVERSION = YES_AGGRESSIVE;
				CLANG_CXX_LANGUAGE_STANDARD = "gnu++20";
				CLANG_ENABLE_MODULES = YES;
				CLANG_ENABLE_OBJC_ARC = YES;
				CLANG_ENABLE_OBJC_WEAK = YES;
				CLANG_WARN_BLOCK_CAPTURE_AUTORELEASING = YES;
				CLANG_WARN_BOOL_CONVERSION = YES;
				CLANG_WARN_COMMA = YES;
				CLANG_WARN_CONSTANT_CONVERSION = YES;
				CLANG_WARN_DEPRECATED_OBJC_IMPLEMENTATIONS = YES;
				CLANG_WARN_DIRECT_OBJC_ISA_USAGE = YES_ERROR;
				CLANG_WARN_DOCUMENTATION_COMMENTS = YES;
				CLANG_WARN_EMPTY_BODY = YES;
				CLANG_WARN_ENUM_CONVERSION = YES;
				CLANG_WARN_INFINITE_RECURSION = YES;
				CLANG_WARN_INT_CONVERSION = YES;
				CLANG_WARN_NON_LITERAL_NULL_CONVERSION = YES;
				CLANG_WARN_OBJC_IMPLICIT_RETAIN_SELF = YES;
				CLANG_WARN_OBJC_LITERAL_CONVERSION = YES;
				CLANG_WARN_OBJC_ROOT_CLASS = YES_ERROR;
				CLANG_WARN_QUOTED_INCLUDE_IN_FRAMEWORK_HEADER = YES;
				CLANG_WARN_RANGE_LOOP_ANALYSIS = YES;
				CLANG_WARN_STRICT_PROTOTYPES = YES;
				CLANG_WARN_SUSPICIOUS_MOVE = YES;
				CLANG_WARN_UNGUARDED_AVAILABILITY = YES_AGGRESSIVE;
				CLANG_WARN_UNREACHABLE_CODE = YES;
				CLANG_WARN__DUPLICATE_METHOD_MATCH = YES;
				COPY_PHASE_STRIP = NO;
				DEBUG_INFORMATION_FORMAT = "dwarf-with-dsym";
				ENABLE_NS_ASSERTIONS = NO;
				ENABLE_STRICT_OBJC_MSGSEND = YES;
				GCC_C_LANGUAGE_STANDARD = gnu11;
				GCC_NO_COMMON_BLOCKS = YES;
				GCC_WARN_64_TO_32_BIT_CONVERSION = YES;
				GCC_WARN_ABOUT_RETURN_TYPE = YES_ERROR;
				GCC_WARN_UNDECLARED_SELECTOR = YES;
				GCC_WARN_UNINITIALIZED_AUTOS = YES_AGGRESSIVE;
				GCC_WARN_UNUSED_FUNCTION = YES;
				GCC_WARN_UNUSED_VARIABLE = YES;
				IPHONEOS_DEPLOYMENT_TARGET = 16.2;
				MTL_ENABLE_DEBUG_INFO = NO;
				MTL_FAST_MATH = YES;
				SDKROOT = iphoneos;
				VALIDATE_PRODUCT = YES;
			};
			name = Release;
		};
		22E1BCFA2A4C146F00191477 /* Debug */ = {
			isa = XCBuildConfiguration;
			buildSettings = {
				ASSETCATALOG_COMPILER_APPICON_NAME = AppIcon;
				ASSETCATALOG_COMPILER_GLOBAL_ACCENT_COLOR_NAME = AccentColor;
				CODE_SIGN_STYLE = Automatic;
				CURRENT_PROJECT_VERSION = 1;
				GENERATE_INFOPLIST_FILE = YES;
				INFOPLIST_FILE = SoftwareDesignPattern/Info.plist;
				INFOPLIST_KEY_UIApplicationSupportsIndirectInputEvents = YES;
				INFOPLIST_KEY_UILaunchStoryboardName = LaunchScreen;
				INFOPLIST_KEY_UIMainStoryboardFile = Main;
				INFOPLIST_KEY_UISupportedInterfaceOrientations_iPad = "UIInterfaceOrientationPortrait UIInterfaceOrientationPortraitUpsideDown UIInterfaceOrientationLandscapeLeft UIInterfaceOrientationLandscapeRight";
				INFOPLIST_KEY_UISupportedInterfaceOrientations_iPhone = "UIInterfaceOrientationPortrait UIInterfaceOrientationLandscapeLeft UIInterfaceOrientationLandscapeRight";
				LD_RUNPATH_SEARCH_PATHS = (
					"$(inherited)",
					"@executable_path/Frameworks",
				);
				MARKETING_VERSION = 1.0;
				PRODUCT_BUNDLE_IDENTIFIER = cn.yven.SoftwareDesignPattern;
				PRODUCT_NAME = "$(TARGET_NAME)";
				SWIFT_EMIT_LOC_STRINGS = YES;
				TARGETED_DEVICE_FAMILY = "1,2";
			};
			name = Debug;
		};
		22E1BCFB2A4C146F00191477 /* Release */ = {
			isa = XCBuildConfiguration;
			buildSettings = {
				ASSETCATALOG_COMPILER_APPICON_NAME = AppIcon;
				ASSETCATALOG_COMPILER_GLOBAL_ACCENT_COLOR_NAME = AccentColor;
				CODE_SIGN_STYLE = Automatic;
				CURRENT_PROJECT_VERSION = 1;
				GENERATE_INFOPLIST_FILE = YES;
				INFOPLIST_FILE = SoftwareDesignPattern/Info.plist;
				INFOPLIST_KEY_UIApplicationSupportsIndirectInputEvents = YES;
				INFOPLIST_KEY_UILaunchStoryboardName = LaunchScreen;
				INFOPLIST_KEY_UIMainStoryboardFile = Main;
				INFOPLIST_KEY_UISupportedInterfaceOrientations_iPad = "UIInterfaceOrientationPortrait UIInterfaceOrientationPortraitUpsideDown UIInterfaceOrientationLandscapeLeft UIInterfaceOrientationLandscapeRight";
				INFOPLIST_KEY_UISupportedInterfaceOrientations_iPhone = "UIInterfaceOrientationPortrait UIInterfaceOrientationLandscapeLeft UIInterfaceOrientationLandscapeRight";
				LD_RUNPATH_SEARCH_PATHS = (
					"$(inherited)",
					"@executable_path/Frameworks",
				);
				MARKETING_VERSION = 1.0;
				PRODUCT_BUNDLE_IDENTIFIER = cn.yven.SoftwareDesignPattern;
				PRODUCT_NAME = "$(TARGET_NAME)";
				SWIFT_EMIT_LOC_STRINGS = YES;
				TARGETED_DEVICE_FAMILY = "1,2";
			};
			name = Release;
		};
/* End XCBuildConfiguration section */

/* Begin XCConfigurationList section */
		22E1BCDB2A4C146F00191477 /* Build configuration list for PBXProject "SoftwareDesignPattern" */ = {
			isa = XCConfigurationList;
			buildConfigurations = (
				22E1BCF72A4C146F00191477 /* Debug */,
				22E1BCF82A4C146F00191477 /* Release */,
			);
			defaultConfigurationIsVisible = 0;
			defaultConfigurationName = Release;
		};
		22E1BCF92A4C146F00191477 /* Build configuration list for PBXNativeTarget "SoftwareDesignPattern" */ = {
			isa = XCConfigurationList;
			buildConfigurations = (
				22E1BCFA2A4C146F00191477 /* Debug */,
				22E1BCFB2A4C146F00191477 /* Release */,
			);
			defaultConfigurationIsVisible = 0;
			defaultConfigurationName = Release;
		};
/* End XCConfigurationList section */
	};
	rootObject = 22E1BCD82A4C146F00191477 /* Project object */;
}
